// !$*UTF8*$!
{
	archiveVersion = 1;
	classes = {
	};
	objectVersion = 56;
	objects = {

/* Begin PBXBuildFile section */
		085BC64E298A7D460029F2C4 /* AppDelegate.swift in Sources */ = {isa = PBXBuildFile; fileRef = 085BC64D298A7D460029F2C4 /* AppDelegate.swift */; };
		085BC650298A7D460029F2C4 /* SceneDelegate.swift in Sources */ = {isa = PBXBuildFile; fileRef = 085BC64F298A7D460029F2C4 /* SceneDelegate.swift */; };
		085BC652298A7D460029F2C4 /* ViewController.swift in Sources */ = {isa = PBXBuildFile; fileRef = 085BC651298A7D460029F2C4 /* ViewController.swift */; };
		085BC655298A7D460029F2C4 /* Main.storyboard in Resources */ = {isa = PBXBuildFile; fileRef = 085BC653298A7D460029F2C4 /* Main.storyboard */; };
		085BC65A298A7D470029F2C4 /* LaunchScreen.storyboard in Resources */ = {isa = PBXBuildFile; fileRef = 085BC658298A7D470029F2C4 /* LaunchScreen.storyboard */; };
		085BC662298A7DC60029F2C4 /* Assets.xcassets in Resources */ = {isa = PBXBuildFile; fileRef = 085BC661298A7DC60029F2C4 /* Assets.xcassets */; };
		085BC664298A7DDC0029F2C4 /* landmarkData.json in Resources */ = {isa = PBXBuildFile; fileRef = 085BC663298A7DDC0029F2C4 /* landmarkData.json */; };
		085BC666298A7FEE0029F2C4 /* Service.swift in Sources */ = {isa = PBXBuildFile; fileRef = 085BC665298A7FEE0029F2C4 /* Service.swift */; };
		085BC668298A81690029F2C4 /* Landmark.swift in Sources */ = {isa = PBXBuildFile; fileRef = 085BC667298A81690029F2C4 /* Landmark.swift */; };
		085BC66A298AA7CC0029F2C4 /* CollectionCell.swift in Sources */ = {isa = PBXBuildFile; fileRef = 085BC669298AA7CC0029F2C4 /* CollectionCell.swift */; };
		08B61BF129ADF38A0098AC6D /* DetailViewController.swift in Sources */ = {isa = PBXBuildFile; fileRef = 08B61BF029ADF38A0098AC6D /* DetailViewController.swift */; };
		08B61BF329AE1A320098AC6D /* SearchViewController.swift in Sources */ = {isa = PBXBuildFile; fileRef = 08B61BF229AE1A320098AC6D /* SearchViewController.swift */; };
/* End PBXBuildFile section */

/* Begin PBXFileReference section */
		085BC64A298A7D460029F2C4 /* IOS avance projet.app */ = {isa = PBXFileReference; explicitFileType = wrapper.application; includeInIndex = 0; path = "IOS avance projet.app"; sourceTree = BUILT_PRODUCTS_DIR; };
		085BC64D298A7D460029F2C4 /* AppDelegate.swift */ = {isa = PBXFileReference; lastKnownFileType = sourcecode.swift; path = AppDelegate.swift; sourceTree = "<group>"; };
		085BC64F298A7D460029F2C4 /* SceneDelegate.swift */ = {isa = PBXFileReference; lastKnownFileType = sourcecode.swift; path = SceneDelegate.swift; sourceTree = "<group>"; };
		085BC651298A7D460029F2C4 /* ViewController.swift */ = {isa = PBXFileReference; lastKnownFileType = sourcecode.swift; path = ViewController.swift; sourceTree = "<group>"; };
		085BC654298A7D460029F2C4 /* Base */ = {isa = PBXFileReference; lastKnownFileType = file.storyboard; name = Base; path = Base.lproj/Main.storyboard; sourceTree = "<group>"; };
		085BC659298A7D470029F2C4 /* Base */ = {isa = PBXFileReference; lastKnownFileType = file.storyboard; name = Base; path = Base.lproj/LaunchScreen.storyboard; sourceTree = "<group>"; };
		085BC65B298A7D470029F2C4 /* Info.plist */ = {isa = PBXFileReference; lastKnownFileType = text.plist.xml; path = Info.plist; sourceTree = "<group>"; };
		085BC661298A7DC60029F2C4 /* Assets.xcassets */ = {isa = PBXFileReference; lastKnownFileType = folder.assetcatalog; name = Assets.xcassets; path = ../../Downloads/Assets_iOS2/Assets.xcassets; sourceTree = "<group>"; };
		085BC663298A7DDC0029F2C4 /* landmarkData.json */ = {isa = PBXFileReference; fileEncoding = 4; lastKnownFileType = text.json; path = landmarkData.json; sourceTree = "<group>"; };
		085BC665298A7FEE0029F2C4 /* Service.swift */ = {isa = PBXFileReference; lastKnownFileType = sourcecode.swift; path = Service.swift; sourceTree = "<group>"; };
		085BC667298A81690029F2C4 /* Landmark.swift */ = {isa = PBXFileReference; lastKnownFileType = sourcecode.swift; path = Landmark.swift; sourceTree = "<group>"; };
		085BC669298AA7CC0029F2C4 /* CollectionCell.swift */ = {isa = PBXFileReference; lastKnownFileType = sourcecode.swift; path = CollectionCell.swift; sourceTree = "<group>"; };
		08B61BF029ADF38A0098AC6D /* DetailViewController.swift */ = {isa = PBXFileReference; lastKnownFileType = sourcecode.swift; path = DetailViewController.swift; sourceTree = "<group>"; };
		08B61BF229AE1A320098AC6D /* SearchViewController.swift */ = {isa = PBXFileReference; lastKnownFileType = sourcecode.swift; path = SearchViewController.swift; sourceTree = "<group>"; };
/* End PBXFileReference section */

/* Begin PBXFrameworksBuildPhase section */
		085BC647298A7D460029F2C4 /* Frameworks */ = {
			isa = PBXFrameworksBuildPhase;
			buildActionMask = 2147483647;
			files = (
			);
			runOnlyForDeploymentPostprocessing = 0;
		};
/* End PBXFrameworksBuildPhase section */

/* Begin PBXGroup section */
		085BC641298A7D460029F2C4 = {
			isa = PBXGroup;
			children = (
				085BC64C298A7D460029F2C4 /* IOS avance projet */,
				085BC64B298A7D460029F2C4 /* Products */,
			);
			sourceTree = "<group>";
		};
		085BC64B298A7D460029F2C4 /* Products */ = {
			isa = PBXGroup;
			children = (
				085BC64A298A7D460029F2C4 /* IOS avance projet.app */,
			);
			name = Products;
			sourceTree = "<group>";
		};
		085BC64C298A7D460029F2C4 /* IOS avance projet */ = {
			isa = PBXGroup;
			children = (
				085BC64D298A7D460029F2C4 /* AppDelegate.swift */,
				085BC64F298A7D460029F2C4 /* SceneDelegate.swift */,
				085BC651298A7D460029F2C4 /* ViewController.swift */,
				085BC653298A7D460029F2C4 /* Main.storyboard */,
				085BC658298A7D470029F2C4 /* LaunchScreen.storyboard */,
				085BC65B298A7D470029F2C4 /* Info.plist */,
				085BC661298A7DC60029F2C4 /* Assets.xcassets */,
				085BC663298A7DDC0029F2C4 /* landmarkData.json */,
				085BC665298A7FEE0029F2C4 /* Service.swift */,
				085BC667298A81690029F2C4 /* Landmark.swift */,
				085BC669298AA7CC0029F2C4 /* CollectionCell.swift */,
				08B61BF029ADF38A0098AC6D /* DetailViewController.swift */,
				08B61BF229AE1A320098AC6D /* SearchViewController.swift */,
			);
			path = "IOS avance projet";
			sourceTree = "<group>";
		};
/* End PBXGroup section */

/* Begin PBXNativeTarget section */
		085BC649298A7D460029F2C4 /* IOS avance projet */ = {
			isa = PBXNativeTarget;
			buildConfigurationList = 085BC65E298A7D470029F2C4 /* Build configuration list for PBXNativeTarget "IOS avance projet" */;
			buildPhases = (
				085BC646298A7D460029F2C4 /* Sources */,
				085BC647298A7D460029F2C4 /* Frameworks */,
				085BC648298A7D460029F2C4 /* Resources */,
			);
			buildRules = (
			);
			dependencies = (
			);
			name = "IOS avance projet";
			productName = "IOS avance projet";
			productReference = 085BC64A298A7D460029F2C4 /* IOS avance projet.app */;
			productType = "com.apple.product-type.application";
		};
/* End PBXNativeTarget section */

/* Begin PBXProject section */
		085BC642298A7D460029F2C4 /* Project object */ = {
			isa = PBXProject;
			attributes = {
				BuildIndependentTargetsInParallel = 1;
				LastSwiftUpdateCheck = 1420;
				LastUpgradeCheck = 1420;
				TargetAttributes = {
					085BC649298A7D460029F2C4 = {
						CreatedOnToolsVersion = 14.2;
					};
				};
			};
			buildConfigurationList = 085BC645298A7D460029F2C4 /* Build configuration list for PBXProject "IOS avance projet" */;
			compatibilityVersion = "Xcode 14.0";
			developmentRegion = en;
			hasScannedForEncodings = 0;
			knownRegions = (
				en,
				Base,
			);
			mainGroup = 085BC641298A7D460029F2C4;
			productRefGroup = 085BC64B298A7D460029F2C4 /* Products */;
			projectDirPath = "";
			projectRoot = "";
			targets = (
				085BC649298A7D460029F2C4 /* IOS avance projet */,
			);
		};
/* End PBXProject section */

/* Begin PBXResourcesBuildPhase section */
		085BC648298A7D460029F2C4 /* Resources */ = {
			isa = PBXResourcesBuildPhase;
			buildActionMask = 2147483647;
			files = (
				085BC65A298A7D470029F2C4 /* LaunchScreen.storyboard in Resources */,
				085BC664298A7DDC0029F2C4 /* landmarkData.json in Resources */,
				085BC662298A7DC60029F2C4 /* Assets.xcassets in Resources */,
				085BC655298A7D460029F2C4 /* Main.storyboard in Resources */,
			);
			runOnlyForDeploymentPostprocessing = 0;
		};
/* End PBXResourcesBuildPhase section */

/* Begin PBXSourcesBuildPhase section */
		085BC646298A7D460029F2C4 /* Sources */ = {
			isa = PBXSourcesBuildPhase;
			buildActionMask = 2147483647;
			files = (
				085BC652298A7D460029F2C4 /* ViewController.swift in Sources */,
				085BC666298A7FEE0029F2C4 /* Service.swift in Sources */,
				08B61BF329AE1A320098AC6D /* SearchViewController.swift in Sources */,
				085BC64E298A7D460029F2C4 /* AppDelegate.swift in Sources */,
				085BC650298A7D460029F2C4 /* SceneDelegate.swift in Sources */,
				085BC668298A81690029F2C4 /* Landmark.swift in Sources */,
				085BC66A298AA7CC0029F2C4 /* CollectionCell.swift in Sources */,
				08B61BF129ADF38A0098AC6D /* DetailViewController.swift in Sources */,
			);
			runOnlyForDeploymentPostprocessing = 0;
		};
/* End PBXSourcesBuildPhase section */

/* Begin PBXVariantGroup section */
		085BC653298A7D460029F2C4 /* Main.storyboard */ = {
			isa = PBXVariantGroup;
			children = (
				085BC654298A7D460029F2C4 /* Base */,
			);
			name = Main.storyboard;
			sourceTree = "<group>";
		};
		085BC658298A7D470029F2C4 /* LaunchScreen.storyboard */ = {
			isa = PBXVariantGroup;
			children = (
				085BC659298A7D470029F2C4 /* Base */,
			);
			name = LaunchScreen.storyboard;
			sourceTree = "<group>";
		};
/* End PBXVariantGroup section */

/* Begin XCBuildConfiguration section */
		085BC65C298A7D470029F2C4 /* Debug */ = {
			isa = XCBuildConfiguration;
			buildSettings = {
				ALWAYS_SEARCH_USER_PATHS = NO;
				CLANG_ANALYZER_NONNULL = YES;
				CLANG_ANALYZER_NUMBER_OBJECT_CONVERSION = YES_AGGRESSIVE;
				CLANG_CXX_LANGUAGE_STANDARD = "gnu++20";
				CLANG_ENABLE_MODULES = YES;
				CLANG_ENABLE_OBJC_ARC = YES;
				CLANG_ENABLE_OBJC_WEAK = YES;
				CLANG_WARN_BLOCK_CAPTURE_AUTORELEASING = YES;
				CLANG_WARN_BOOL_CONVERSION = YES;
				CLANG_WARN_COMMA = YES;
				CLANG_WARN_CONSTANT_CONVERSION = YES;
				CLANG_WARN_DEPRECATED_OBJC_IMPLEMENTATIONS = YES;
				CLANG_WARN_DIRECT_OBJC_ISA_USAGE = YES_ERROR;
				CLANG_WARN_DOCUMENTATION_COMMENTS = YES;
				CLANG_WARN_EMPTY_BODY = YES;
				CLANG_WARN_ENUM_CONVERSION = YES;
				CLANG_WARN_INFINITE_RECURSION = YES;
				CLANG_WARN_INT_CONVERSION = YES;
				CLANG_WARN_NON_LITERAL_NULL_CONVERSION = YES;
				CLANG_WARN_OBJC_IMPLICIT_RETAIN_SELF = YES;
				CLANG_WARN_OBJC_LITERAL_CONVERSION = YES;
				CLANG_WARN_OBJC_ROOT_CLASS = YES_ERROR;
				CLANG_WARN_QUOTED_INCLUDE_IN_FRAMEWORK_HEADER = YES;
				CLANG_WARN_RANGE_LOOP_ANALYSIS = YES;
				CLANG_WARN_STRICT_PROTOTYPES = YES;
				CLANG_WARN_SUSPICIOUS_MOVE = YES;
				CLANG_WARN_UNGUARDED_AVAILABILITY = YES_AGGRESSIVE;
				CLANG_WARN_UNREACHABLE_CODE = YES;
				CLANG_WARN__DUPLICATE_METHOD_MATCH = YES;
				COPY_PHASE_STRIP = NO;
				DEBUG_INFORMATION_FORMAT = dwarf;
				ENABLE_STRICT_OBJC_MSGSEND = YES;
				ENABLE_TESTABILITY = YES;
				GCC_C_LANGUAGE_STANDARD = gnu11;
				GCC_DYNAMIC_NO_PIC = NO;
				GCC_NO_COMMON_BLOCKS = YES;
				GCC_OPTIMIZATION_LEVEL = 0;
				GCC_PREPROCESSOR_DEFINITIONS = (
					"DEBUG=1",
					"$(inherited)",
				);
				GCC_WARN_64_TO_32_BIT_CONVERSION = YES;
				GCC_WARN_ABOUT_RETURN_TYPE = YES_ERROR;
				GCC_WARN_UNDECLARED_SELECTOR = YES;
				GCC_WARN_UNINITIALIZED_AUTOS = YES_AGGRESSIVE;
				GCC_WARN_UNUSED_FUNCTION = YES;
				GCC_WARN_UNUSED_VARIABLE = YES;
				IPHONEOS_DEPLOYMENT_TARGET = 16.2;
				MTL_ENABLE_DEBUG_INFO = INCLUDE_SOURCE;
				MTL_FAST_MATH = YES;
				ONLY_ACTIVE_ARCH = YES;
				SDKROOT = iphoneos;
				SWIFT_ACTIVE_COMPILATION_CONDITIONS = DEBUG;
				SWIFT_OPTIMIZATION_LEVEL = "-Onone";
			};
			name = Debug;
		};
		085BC65D298A7D470029F2C4 /* Release */ = {
			isa = XCBuildConfiguration;
			buildSettings = {
				ALWAYS_SEARCH_USER_PATHS = NO;
				CLANG_ANALYZER_NONNULL = YES;
				CLANG_ANALYZER_NUMBER_OBJECT_CONVERSION = YES_AGGRESSIVE;
				CLANG_CXX_LANGUAGE_STANDARD = "gnu++20";
				CLANG_ENABLE_MODULES = YES;
				CLANG_ENABLE_OBJC_ARC = YES;
				CLANG_ENABLE_OBJC_WEAK = YES;
				CLANG_WARN_BLOCK_CAPTURE_AUTORELEASING = YES;
				CLANG_WARN_BOOL_CONVERSION = YES;
				CLANG_WARN_COMMA = YES;
				CLANG_WARN_CONSTANT_CONVERSION = YES;
				CLANG_WARN_DEPRECATED_OBJC_IMPLEMENTATIONS = YES;
				CLANG_WARN_DIRECT_OBJC_ISA_USAGE = YES_ERROR;
				CLANG_WARN_DOCUMENTATION_COMMENTS = YES;
				CLANG_WARN_EMPTY_BODY = YES;
				CLANG_WARN_ENUM_CONVERSION = YES;
				CLANG_WARN_INFINITE_RECURSION = YES;
				CLANG_WARN_INT_CONVERSION = YES;
				CLANG_WARN_NON_LITERAL_NULL_CONVERSION = YES;
				CLANG_WARN_OBJC_IMPLICIT_RETAIN_SELF = YES;
				CLANG_WARN_OBJC_LITERAL_CONVERSION = YES;
				CLANG_WARN_OBJC_ROOT_CLASS = YES_ERROR;
				CLANG_WARN_QUOTED_INCLUDE_IN_FRAMEWORK_HEADER = YES;
				CLANG_WARN_RANGE_LOOP_ANALYSIS = YES;
				CLANG_WARN_STRICT_PROTOTYPES = YES;
				CLANG_WARN_SUSPICIOUS_MOVE = YES;
				CLANG_WARN_UNGUARDED_AVAILABILITY = YES_AGGRESSIVE;
				CLANG_WARN_UNREACHABLE_CODE = YES;
				CLANG_WARN__DUPLICATE_METHOD_MATCH = YES;
				COPY_PHASE_STRIP = NO;
				DEBUG_INFORMATION_FORMAT = "dwarf-with-dsym";
				ENABLE_NS_ASSERTIONS = NO;
				ENABLE_STRICT_OBJC_MSGSEND = YES;
				GCC_C_LANGUAGE_STANDARD = gnu11;
				GCC_NO_COMMON_BLOCKS = YES;
				GCC_WARN_64_TO_32_BIT_CONVERSION = YES;
				GCC_WARN_ABOUT_RETURN_TYPE = YES_ERROR;
				GCC_WARN_UNDECLARED_SELECTOR = YES;
				GCC_WARN_UNINITIALIZED_AUTOS = YES_AGGRESSIVE;
				GCC_WARN_UNUSED_FUNCTION = YES;
				GCC_WARN_UNUSED_VARIABLE = YES;
				IPHONEOS_DEPLOYMENT_TARGET = 16.2;
				MTL_ENABLE_DEBUG_INFO = NO;
				MTL_FAST_MATH = YES;
				SDKROOT = iphoneos;
				SWIFT_COMPILATION_MODE = wholemodule;
				SWIFT_OPTIMIZATION_LEVEL = "-O";
				VALIDATE_PRODUCT = YES;
			};
			name = Release;
		};
		085BC65F298A7D470029F2C4 /* Debug */ = {
			isa = XCBuildConfiguration;
			buildSettings = {
				ASSETCATALOG_COMPILER_APPICON_NAME = AppIcon;
				ASSETCATALOG_COMPILER_GLOBAL_ACCENT_COLOR_NAME = AccentColor;
				CODE_SIGN_STYLE = Automatic;
				CURRENT_PROJECT_VERSION = 1;
				GENERATE_INFOPLIST_FILE = YES;
				INFOPLIST_FILE = "IOS avance projet/Info.plist";
				INFOPLIST_KEY_UIApplicationSupportsIndirectInputEvents = YES;
				INFOPLIST_KEY_UILaunchStoryboardName = LaunchScreen;
				INFOPLIST_KEY_UIMainStoryboardFile = Main;
				INFOPLIST_KEY_UISupportedInterfaceOrientations = UIInterfaceOrientationPortrait;
				INFOPLIST_KEY_UISupportedInterfaceOrientations_iPad = "UIInterfaceOrientationLandscapeLeft UIInterfaceOrientationLandscapeRight UIInterfaceOrientationPortrait UIInterfaceOrientationPortraitUpsideDown";
				LD_RUNPATH_SEARCH_PATHS = (
					"$(inherited)",
					"@executable_path/Frameworks",
				);
				MARKETING_VERSION = 1.0;
				PRODUCT_BUNDLE_IDENTIFIER = "com.iutlyon1.IOS-avance-projet";
				PRODUCT_NAME = "$(TARGET_NAME)";
				SWIFT_EMIT_LOC_STRINGS = YES;
				SWIFT_VERSION = 5.0;
				TARGETED_DEVICE_FAMILY = "1,2";
			};
			name = Debug;
		};
		085BC660298A7D470029F2C4 /* Release */ = {
			isa = XCBuildConfiguration;
			buildSettings = {
				ASSETCATALOG_COMPILER_APPICON_NAME = AppIcon;
				ASSETCATALOG_COMPILER_GLOBAL_ACCENT_COLOR_NAME = AccentColor;
				CODE_SIGN_STYLE = Automatic;
				CURRENT_PROJECT_VERSION = 1;
				GENERATE_INFOPLIST_FILE = YES;
				INFOPLIST_FILE = "IOS avance projet/Info.plist";
				INFOPLIST_KEY_UIApplicationSupportsIndirectInputEvents = YES;
				INFOPLIST_KEY_UILaunchStoryboardName = LaunchScreen;
				INFOPLIST_KEY_UIMainStoryboardFile = Main;
				INFOPLIST_KEY_UISupportedInterfaceOrientations = UIInterfaceOrientationPortrait;
				INFOPLIST_KEY_UISupportedInterfaceOrientations_iPad = "UIInterfaceOrientationLandscapeLeft UIInterfaceOrientationLandscapeRight UIInterfaceOrientationPortrait UIInterfaceOrientationPortraitUpsideDown";
				LD_RUNPATH_SEARCH_PATHS = (
					"$(inherited)",
					"@executable_path/Frameworks",
				);
				MARKETING_VERSION = 1.0;
				PRODUCT_BUNDLE_IDENTIFIER = "com.iutlyon1.IOS-avance-projet";
				PRODUCT_NAME = "$(TARGET_NAME)";
				SWIFT_EMIT_LOC_STRINGS = YES;
				SWIFT_VERSION = 5.0;
				TARGETED_DEVICE_FAMILY = "1,2";
			};
			name = Release;
		};
/* End XCBuildConfiguration section */

/* Begin XCConfigurationList section */
		085BC645298A7D460029F2C4 /* Build configuration list for PBXProject "IOS avance projet" */ = {
			isa = XCConfigurationList;
			buildConfigurations = (
				085BC65C298A7D470029F2C4 /* Debug */,
				085BC65D298A7D470029F2C4 /* Release */,
			);
			defaultConfigurationIsVisible = 0;
			defaultConfigurationName = Release;
		};
		085BC65E298A7D470029F2C4 /* Build configuration list for PBXNativeTarget "IOS avance projet" */ = {
			isa = XCConfigurationList;
			buildConfigurations = (
				085BC65F298A7D470029F2C4 /* Debug */,
				085BC660298A7D470029F2C4 /* Release */,
			);
			defaultConfigurationIsVisible = 0;
			defaultConfigurationName = Release;
		};
/* End XCConfigurationList section */
	};
	rootObject = 085BC642298A7D460029F2C4 /* Project object */;
}
